{
  "name": "Patient_portal",
  "lockfileVersion": 3,
  "requires": true,
  "packages": {
    "": {
      "dependencies": {
        "openid-client": "^6.8.0"
      }
    },
    "node_modules/jose": {
      "version": "6.1.0",
      "resolved": "https://registry.npmjs.org/jose/-/jose-6.1.0.tgz",
      "integrity": "sha512-TTQJyoEoKcC1lscpVDCSsVgYzUDg/0Bt3WE//WiTPK6uOCQC2KZS4MpugbMWt/zyjkopgZoXhZuCi00gLudfUA==",
      "funding": {
        "url": "https://github.com/sponsors/panva"
      }
    },
    "node_modules/oauth4webapi": {
      "version": "3.8.1",
      "resolved": "https://registry.npmjs.org/oauth4webapi/-/oauth4webapi-3.8.1.tgz",
      "integrity": "sha512-olkZDELNycOWQf9LrsELFq8n05LwJgV8UkrS0cburk6FOwf8GvLam+YB+Uj5Qvryee+vwWOfQVeI5Vm0MVg7SA==",
      "funding": {
        "url": "https://github.com/sponsors/panva"
      }
    },
    "node_modules/openid-client": {
      "version": "6.8.0",
      "resolved": "https://registry.npmjs.org/openid-client/-/openid-client-6.8.0.tgz",
      "integrity": "sha512-oG1d1nAVhIIE+JSjLS+7E9wY1QOJpZltkzlJdbZ7kEn7Hp3hqur2TEeQ8gLOHoHkhbRAGZJKoOnEQcLOQJuIyg==",
      "dependencies": {
        "jose": "^6.1.0",
        "oauth4webapi": "^3.8.1"
      },
      "funding": {
        "url": "https://github.com/sponsors/panva"
      }
    }
  }
}
